
Microsoft Visual Studio Solution File, Format Version 12.00
# Visual Studio Version 17
VisualStudioVersion = 17.3.32901.215
MinimumVisualStudioVersion = 10.0.40219.1
Project("{FAE04EC0-301F-11D3-BF4B-00C04F79EFBC}") = "listbox_manav", "listbox_manav\listbox_manav.csproj", "{1BB927E4-F697-4261-BC26-FAA0935F967C}"
EndProject
Global
	GlobalSection(SolutionConfigurationPlatforms) = preSolution
		Debug|Any CPU = Debug|Any CPU
		Release|Any CPU = Release|Any CPU
	EndGlobalSection
	GlobalSection(ProjectConfigurationPlatforms) = postSolution
		{1BB927E4-F697-4261-BC26-FAA0935F967C}.Debug|Any CPU.ActiveCfg = Debug|Any CPU
		{1BB927E4-F697-4261-BC26-FAA0935F967C}.Debug|Any CPU.Build.0 = Debug|Any CPU
		{1BB927E4-F697-4261-BC26-FAA0935F967C}.Release|Any CPU.ActiveCfg = Release|Any CPU
		{1BB927E4-F697-4261-BC26-FAA0935F967C}.Release|Any CPU.Build.0 = Release|Any CPU
	EndGlobalSection
	GlobalSection(SolutionProperties) = preSolution
		HideSolutionNode = FALSE
	EndGlobalSection
	GlobalSection(ExtensibilityGlobals) = postSolution
		SolutionGuid = {D52049A0-BB14-4E7A-BCEC-7CBA660F0E2D}
	EndGlobalSection
EndGlobal
